
Microsoft Visual Studio Solution File, Format Version 12.00
# Visual Studio 15
VisualStudioVersion = 15.0.26020.0
MinimumVisualStudioVersion = 10.0.40219.1
Project("{2150E333-8FDC-42A3-9474-1A3956D46DE8}") = "src", "src", "{24343C4A-4E26-447B-B782-7091D45255DF}"
EndProject
Project("{FAE04EC0-301F-11D3-BF4B-00C04F79EFBC}") = "ContosoUniversity", "src\ContosoUniversity\ContosoUniversity.csproj", "{2C397A8E-F80A-45DB-AA8D-7E957754C4FD}"
EndProject
Global
	GlobalSection(SolutionConfigurationPlatforms) = preSolution
		Debug|Any CPU = Debug|Any CPU
		Debug|x64 = Debug|x64
		Debug|x86 = Debug|x86
		Release|Any CPU = Release|Any CPU
		Release|x64 = Release|x64
		Release|x86 = Release|x86
	EndGlobalSection
	GlobalSection(ProjectConfigurationPlatforms) = postSolution
		{2C397A8E-F80A-45DB-AA8D-7E957754C4FD}.Debug|Any CPU.ActiveCfg = Debug|Any CPU
		{2C397A8E-F80A-45DB-AA8D-7E957754C4FD}.Debug|Any CPU.Build.0 = Debug|Any CPU
		{2C397A8E-F80A-45DB-AA8D-7E957754C4FD}.Debug|x64.ActiveCfg = Debug|x64
		{2C397A8E-F80A-45DB-AA8D-7E957754C4FD}.Debug|x64.Build.0 = Debug|x64
		{2C397A8E-F80A-45DB-AA8D-7E957754C4FD}.Debug|x86.ActiveCfg = Debug|x86
		{2C397A8E-F80A-45DB-AA8D-7E957754C4FD}.Debug|x86.Build.0 = Debug|x86
		{2C397A8E-F80A-45DB-AA8D-7E957754C4FD}.Release|Any CPU.ActiveCfg = Release|Any CPU
		{2C397A8E-F80A-45DB-AA8D-7E957754C4FD}.Release|Any CPU.Build.0 = Release|Any CPU
		{2C397A8E-F80A-45DB-AA8D-7E957754C4FD}.Release|x64.ActiveCfg = Release|x64
		{2C397A8E-F80A-45DB-AA8D-7E957754C4FD}.Release|x64.Build.0 = Release|x64
		{2C397A8E-F80A-45DB-AA8D-7E957754C4FD}.Release|x86.ActiveCfg = Release|x86
		{2C397A8E-F80A-45DB-AA8D-7E957754C4FD}.Release|x86.Build.0 = Release|x86
	EndGlobalSection
	GlobalSection(SolutionProperties) = preSolution
		HideSolutionNode = FALSE
	EndGlobalSection
	GlobalSection(NestedProjects) = preSolution
		{2C397A8E-F80A-45DB-AA8D-7E957754C4FD} = {24343C4A-4E26-447B-B782-7091D45255DF}
	EndGlobalSection
EndGlobal
